Microsoft Visual Studio Solution File, Format Version 12.00
# Visual Studio Version 17
VisualStudioVersion = 17.5.2.0
MinimumVisualStudioVersion = 10.0.40219.1
Project("{FAE04EC0-301F-11D3-BF4B-00C04F79EFBC}") = "dotnet-photo-gallery", "dotnet-photo-gallery.csproj", "{1CA2BB92-1EF6-16EA-16E0-BB456DA8FE7B}"
EndProject
Global
	GlobalSection(SolutionConfigurationPlatforms) = preSolution
		Debug|Any CPU = Debug|Any CPU
		Release|Any CPU = Release|Any CPU
	EndGlobalSection
	GlobalSection(ProjectConfigurationPlatforms) = postSolution
		{1CA2BB92-1EF6-16EA-16E0-BB456DA8FE7B}.Debug|Any CPU.ActiveCfg = Debug|Any CPU
		{1CA2BB92-1EF6-16EA-16E0-BB456DA8FE7B}.Debug|Any CPU.Build.0 = Debug|Any CPU
		{1CA2BB92-1EF6-16EA-16E0-BB456DA8FE7B}.Release|Any CPU.ActiveCfg = Release|Any CPU
		{1CA2BB92-1EF6-16EA-16E0-BB456DA8FE7B}.Release|Any CPU.Build.0 = Release|Any CPU
	EndGlobalSection
	GlobalSection(SolutionProperties) = preSolution
		HideSolutionNode = FALSE
	EndGlobalSection
	GlobalSection(ExtensibilityGlobals) = postSolution
		SolutionGuid = {94D7CEC7-E538-41C9-A4F7-36FBA4D55E05}
	EndGlobalSection
EndGlobal
